
Microsoft Visual Studio Solution File, Format Version 12.00
# Visual Studio Version 17
VisualStudioVersion = 17.5.33516.290
MinimumVisualStudioVersion = 10.0.40219.1
Project("{E24C65DC-7377-472B-9ABA-BC803B73C61A}") = "EmoLiveBackUp source code", ".", "{B863F8C1-681E-4B72-A83D-9059834A9513}"
	ProjectSection(WebsiteProperties) = preProject
		TargetFrameworkMoniker = ".NETFramework,Version%3Dv4.8"
		Debug.AspNetCompiler.VirtualPath = "/EmoBank"
		Debug.AspNetCompiler.PhysicalPath = "..\EmoLiveBackUp source code\"
		Debug.AspNetCompiler.TargetPath = "PrecompiledWeb\EmoBank\"
		Debug.AspNetCompiler.Updateable = "true"
		Debug.AspNetCompiler.ForceOverwrite = "true"
		Debug.AspNetCompiler.FixedNames = "false"
		Debug.AspNetCompiler.Debug = "True"
		Release.AspNetCompiler.VirtualPath = "/EmoBank"
		Release.AspNetCompiler.PhysicalPath = "..\EmoLiveBackUp source code\"
		Release.AspNetCompiler.TargetPath = "PrecompiledWeb\EmoBank\"
		Release.AspNetCompiler.Updateable = "true"
		Release.AspNetCompiler.ForceOverwrite = "true"
		Release.AspNetCompiler.FixedNames = "false"
		Release.AspNetCompiler.Debug = "False"
		VWDPort = "34444"
		VWDVirtualPath = "/"
		SlnRelativePath = "..\EmoLiveBackUp source code\"
	EndProjectSection
EndProject
Global
	GlobalSection(SolutionConfigurationPlatforms) = preSolution
		Debug|Any CPU = Debug|Any CPU
	EndGlobalSection
	GlobalSection(ProjectConfigurationPlatforms) = postSolution
		{B863F8C1-681E-4B72-A83D-9059834A9513}.Debug|Any CPU.ActiveCfg = Debug|Any CPU
		{B863F8C1-681E-4B72-A83D-9059834A9513}.Debug|Any CPU.Build.0 = Debug|Any CPU
	EndGlobalSection
	GlobalSection(SolutionProperties) = preSolution
		HideSolutionNode = FALSE
	EndGlobalSection
	GlobalSection(ExtensibilityGlobals) = postSolution
		SolutionGuid = {74140307-ED14-46E8-BF2A-C4D06E6D55CC}
	EndGlobalSection
EndGlobal
